
Microsoft Visual Studio Solution File, Format Version 12.00
# Visual Studio 2012
Project("{FAE04EC0-301F-11D3-BF4B-00C04F79EFBC}") = "UI", "UI.csproj", "{EF06D520-53EE-468E-84CD-C82B6F4700C0}"
EndProject
Project("{FAE04EC0-301F-11D3-BF4B-00C04F79EFBC}") = "RN", "..\RN\RN.csproj", "{C26B762F-F102-4CD3-8F90-E97871A044DF}"
EndProject
Project("{FAE04EC0-301F-11D3-BF4B-00C04F79EFBC}") = "Datos", "..\Datos\Datos.csproj", "{693D1E20-5C58-4A9A-A2EE-5556F675AE6A}"
EndProject
Project("{FAE04EC0-301F-11D3-BF4B-00C04F79EFBC}") = "Web", "..\Web\Web.csproj", "{BB5E45BB-9B1D-42C7-AFCE-E06FFEB26D31}"
EndProject
Global
	GlobalSection(SolutionConfigurationPlatforms) = preSolution
		Debug|Any CPU = Debug|Any CPU
		Release|Any CPU = Release|Any CPU
	EndGlobalSection
	GlobalSection(ProjectConfigurationPlatforms) = postSolution
		{EF06D520-53EE-468E-84CD-C82B6F4700C0}.Debug|Any CPU.ActiveCfg = Debug|Any CPU
		{EF06D520-53EE-468E-84CD-C82B6F4700C0}.Debug|Any CPU.Build.0 = Debug|Any CPU
		{EF06D520-53EE-468E-84CD-C82B6F4700C0}.Release|Any CPU.ActiveCfg = Release|Any CPU
		{EF06D520-53EE-468E-84CD-C82B6F4700C0}.Release|Any CPU.Build.0 = Release|Any CPU
		{C26B762F-F102-4CD3-8F90-E97871A044DF}.Debug|Any CPU.ActiveCfg = Debug|Any CPU
		{C26B762F-F102-4CD3-8F90-E97871A044DF}.Debug|Any CPU.Build.0 = Debug|Any CPU
		{C26B762F-F102-4CD3-8F90-E97871A044DF}.Release|Any CPU.ActiveCfg = Release|Any CPU
		{C26B762F-F102-4CD3-8F90-E97871A044DF}.Release|Any CPU.Build.0 = Release|Any CPU
		{693D1E20-5C58-4A9A-A2EE-5556F675AE6A}.Debug|Any CPU.ActiveCfg = Debug|Any CPU
		{693D1E20-5C58-4A9A-A2EE-5556F675AE6A}.Debug|Any CPU.Build.0 = Debug|Any CPU
		{693D1E20-5C58-4A9A-A2EE-5556F675AE6A}.Release|Any CPU.ActiveCfg = Release|Any CPU
		{693D1E20-5C58-4A9A-A2EE-5556F675AE6A}.Release|Any CPU.Build.0 = Release|Any CPU
		{BB5E45BB-9B1D-42C7-AFCE-E06FFEB26D31}.Debug|Any CPU.ActiveCfg = Debug|Any CPU
		{BB5E45BB-9B1D-42C7-AFCE-E06FFEB26D31}.Debug|Any CPU.Build.0 = Debug|Any CPU
		{BB5E45BB-9B1D-42C7-AFCE-E06FFEB26D31}.Release|Any CPU.ActiveCfg = Release|Any CPU
		{BB5E45BB-9B1D-42C7-AFCE-E06FFEB26D31}.Release|Any CPU.Build.0 = Release|Any CPU
	EndGlobalSection
	GlobalSection(SolutionProperties) = preSolution
		HideSolutionNode = FALSE
	EndGlobalSection
EndGlobal
